
Microsoft Visual Studio Solution File, Format Version 12.00
# Visual Studio Version 16
VisualStudioVersion = 16.0.31729.503
MinimumVisualStudioVersion = 10.0.40219.1
Project("{FAE04EC0-301F-11D3-BF4B-00C04F79EFBC}") = "WinformJogoVElha", "WinformJogoVElha\WinformJogoVElha.csproj", "{4559D8CF-5A27-4311-AE9C-D25E359A719E}"
EndProject
Global
	GlobalSection(SolutionConfigurationPlatforms) = preSolution
		Debug|Any CPU = Debug|Any CPU
		Release|Any CPU = Release|Any CPU
	EndGlobalSection
	GlobalSection(ProjectConfigurationPlatforms) = postSolution
		{4559D8CF-5A27-4311-AE9C-D25E359A719E}.Debug|Any CPU.ActiveCfg = Debug|Any CPU
		{4559D8CF-5A27-4311-AE9C-D25E359A719E}.Debug|Any CPU.Build.0 = Debug|Any CPU
		{4559D8CF-5A27-4311-AE9C-D25E359A719E}.Release|Any CPU.ActiveCfg = Release|Any CPU
		{4559D8CF-5A27-4311-AE9C-D25E359A719E}.Release|Any CPU.Build.0 = Release|Any CPU
	EndGlobalSection
	GlobalSection(SolutionProperties) = preSolution
		HideSolutionNode = FALSE
	EndGlobalSection
	GlobalSection(ExtensibilityGlobals) = postSolution
		SolutionGuid = {6953694B-E7C9-423D-AA46-517305E2CD04}
	EndGlobalSection
EndGlobal
